
Microsoft Visual Studio Solution File, Format Version 12.00
# Visual Studio Version 16
VisualStudioVersion = 16.0.30523.141
MinimumVisualStudioVersion = 10.0.40219.1
Project("{2150E333-8FDC-42A3-9474-1A3956D46DE8}") = "Solution Items", "Solution Items", "{DAFB97D6-B863-4D9F-9412-B3F823B13C5D}"
	ProjectSection(SolutionItems) = preProject
		.editorconfig = .editorconfig
	EndProjectSection
EndProject
Project("{2150E333-8FDC-42A3-9474-1A3956D46DE8}") = "src", "src", "{F0E7E0FF-247D-42A8-94A5-85B519DC5BF5}"
EndProject
Project("{2150E333-8FDC-42A3-9474-1A3956D46DE8}") = "Application", "Application", "{58A54302-7A34-484E-8EEA-C65C791A4153}"
EndProject
Project("{2150E333-8FDC-42A3-9474-1A3956D46DE8}") = "BackgroundTasks", "BackgroundTasks", "{501E6004-0C91-45B9-97FB-2D09083E2AB5}"
EndProject
Project("{2150E333-8FDC-42A3-9474-1A3956D46DE8}") = "Common", "Common", "{4E290B18-69E5-49B4-8B9D-70D64BEF994A}"
EndProject
Project("{2150E333-8FDC-42A3-9474-1A3956D46DE8}") = "Domain", "Domain", "{DEEE07CB-8923-4363-8C40-345B3F243C98}"
EndProject
Project("{2150E333-8FDC-42A3-9474-1A3956D46DE8}") = "Infrastructure", "Infrastructure", "{857A0DD3-628F-4F38-A9AE-218E89388729}"
EndProject
Project("{2150E333-8FDC-42A3-9474-1A3956D46DE8}") = "Persistence", "Persistence", "{26F75744-12F6-4F06-9D83-7A9112723064}"
EndProject
Project("{2150E333-8FDC-42A3-9474-1A3956D46DE8}") = "Presentation", "Presentation", "{CB149E68-EA3D-45D4-BA29-D973ABCBD35F}"
EndProject
Project("{9A19103F-16F7-4668-BE54-9A1E7A4F7556}") = "Expensely.Domain", "src\Expensely.Domain\Expensely.Domain.csproj", "{7D73DC06-BEED-4741-9F87-C16BDB198FD3}"
EndProject
Project("{9A19103F-16F7-4668-BE54-9A1E7A4F7556}") = "Expensely.Common.Abstractions", "src\Expensely.Common.Abstractions\Expensely.Common.Abstractions.csproj", "{172DD32C-86B7-4E5C-B474-0DB5E1A6EEF1}"
EndProject
Project("{9A19103F-16F7-4668-BE54-9A1E7A4F7556}") = "Expensely.Common.Primitives", "src\Expensely.Common.Primitives\Expensely.Common.Primitives.csproj", "{627DF6F5-16F5-4E0F-AFD5-5FD9303D2026}"
EndProject
Project("{9A19103F-16F7-4668-BE54-9A1E7A4F7556}") = "Expensely.Application.Contracts", "src\Expensely.Application.Contracts\Expensely.Application.Contracts.csproj", "{53D7DCAC-6838-42BB-860D-E6E8DED12402}"
EndProject
Project("{9A19103F-16F7-4668-BE54-9A1E7A4F7556}") = "Expensely.Application.Abstractions", "src\Expensely.Application.Abstractions\Expensely.Application.Abstractions.csproj", "{A41910FF-6FC5-42C3-A25C-6241A9DAC4BA}"
EndProject
Project("{9A19103F-16F7-4668-BE54-9A1E7A4F7556}") = "Expensely.Application.Commands", "src\Expensely.Application.Commands\Expensely.Application.Commands.csproj", "{74C450AD-5A2C-4588-9C57-E8363DE28F72}"
EndProject
Project("{9A19103F-16F7-4668-BE54-9A1E7A4F7556}") = "Expensely.Application.Commands.Handlers", "src\Expensely.Application.Commands.Handlers\Expensely.Application.Commands.Handlers.csproj", "{27C8AEB0-5550-400E-BE74-73D4778A99D0}"
EndProject
Project("{9A19103F-16F7-4668-BE54-9A1E7A4F7556}") = "Expensely.Application.Events.Handlers", "src\Expensely.Application.Events.Handlers\Expensely.Application.Events.Handlers.csproj", "{AB4F41AE-A7FE-4F0A-8C94-5172A70F4387}"
EndProject
Project("{9A19103F-16F7-4668-BE54-9A1E7A4F7556}") = "Expensely.Application.Queries", "src\Expensely.Application.Queries\Expensely.Application.Queries.csproj", "{A7EDE859-A98F-4581-9698-8622B83D5590}"
EndProject
Project("{9A19103F-16F7-4668-BE54-9A1E7A4F7556}") = "Expensely.Application.Queries.Processors", "src\Expensely.Application.Queries.Processors\Expensely.Application.Queries.Processors.csproj", "{4C2C28F8-6E7A-4F8E-95E3-10C5A5D7B712}"
EndProject
Project("{9A19103F-16F7-4668-BE54-9A1E7A4F7556}") = "Expensely.Application.Queries.Handlers", "src\Expensely.Application.Queries.Handlers\Expensely.Application.Queries.Handlers.csproj", "{86A2B3EB-6313-4332-A387-5D3FA1B46D3B}"
EndProject
Project("{9A19103F-16F7-4668-BE54-9A1E7A4F7556}") = "Expensely.Authorization", "src\Expensely.Authorization\Expensely.Authorization.csproj", "{CB53467E-0CAA-471D-95B1-E3CCF72309C7}"
EndProject
Project("{9A19103F-16F7-4668-BE54-9A1E7A4F7556}") = "Expensely.Infrastructure", "src\Expensely.Infrastructure\Expensely.Infrastructure.csproj", "{8A887C18-8839-4CF9-B60E-5CD4D7A6A7D9}"
EndProject
Project("{9A19103F-16F7-4668-BE54-9A1E7A4F7556}") = "Expensely.Notification", "src\Expensely.Notification\Expensely.Notification.csproj", "{939420C5-DEF5-45DE-BF48-63DFD55F9BAA}"
EndProject
Project("{9A19103F-16F7-4668-BE54-9A1E7A4F7556}") = "Expensely.Persistence", "src\Expensely.Persistence\Expensely.Persistence.csproj", "{92EA6CEB-40F1-44D9-8D99-09A20C47C279}"
EndProject
Project("{9A19103F-16F7-4668-BE54-9A1E7A4F7556}") = "Expensely.BackgroundTasks", "src\Expensely.BackgroundTasks\Expensely.BackgroundTasks.csproj", "{8C4428E5-7963-44C5-9FF1-9AF0E896DC68}"
EndProject
Project("{9A19103F-16F7-4668-BE54-9A1E7A4F7556}") = "Expensely.Presentation.Api", "src\Expensely.Presentation.Api\Expensely.Presentation.Api.csproj", "{69A87474-5EFA-4B93-9896-A956C46769E8}"
EndProject
Project("{9A19103F-16F7-4668-BE54-9A1E7A4F7556}") = "Expensely.App", "src\Expensely.App\Expensely.App.csproj", "{5A240AB3-CC83-43F4-AB31-D4685AC7FC10}"
EndProject
Project("{2150E333-8FDC-42A3-9474-1A3956D46DE8}") = "test", "test", "{B7E638B2-FAE2-45E8-93D4-4E8AC44A6FB9}"
EndProject
Project("{2150E333-8FDC-42A3-9474-1A3956D46DE8}") = "Application", "Application", "{DB4B1814-180B-4DEA-89E0-88DA1DC3D193}"
EndProject
Project("{2150E333-8FDC-42A3-9474-1A3956D46DE8}") = "Domain", "Domain", "{C8C8DB31-16C0-4545-88B4-08DB25001E53}"
EndProject
Project("{9A19103F-16F7-4668-BE54-9A1E7A4F7556}") = "Expensely.Application.UnitTests", "test\Expensely.Application.UnitTests\Expensely.Application.UnitTests.csproj", "{10B9A9F4-20A5-40CB-A623-16174972BB93}"
EndProject
Project("{9A19103F-16F7-4668-BE54-9A1E7A4F7556}") = "Expensely.Domain.UnitTests", "test\Expensely.Domain.UnitTests\Expensely.Domain.UnitTests.csproj", "{9F015B22-D937-459A-9CF5-F759594AACEB}"
EndProject
Global
	GlobalSection(SolutionConfigurationPlatforms) = preSolution
		Debug|Any CPU = Debug|Any CPU
		Release|Any CPU = Release|Any CPU
	EndGlobalSection
	GlobalSection(ProjectConfigurationPlatforms) = postSolution
		{7D73DC06-BEED-4741-9F87-C16BDB198FD3}.Debug|Any CPU.ActiveCfg = Debug|Any CPU
		{7D73DC06-BEED-4741-9F87-C16BDB198FD3}.Debug|Any CPU.Build.0 = Debug|Any CPU
		{7D73DC06-BEED-4741-9F87-C16BDB198FD3}.Release|Any CPU.ActiveCfg = Release|Any CPU
		{7D73DC06-BEED-4741-9F87-C16BDB198FD3}.Release|Any CPU.Build.0 = Release|Any CPU
		{172DD32C-86B7-4E5C-B474-0DB5E1A6EEF1}.Debug|Any CPU.ActiveCfg = Debug|Any CPU
		{172DD32C-86B7-4E5C-B474-0DB5E1A6EEF1}.Debug|Any CPU.Build.0 = Debug|Any CPU
		{172DD32C-86B7-4E5C-B474-0DB5E1A6EEF1}.Release|Any CPU.ActiveCfg = Release|Any CPU
		{172DD32C-86B7-4E5C-B474-0DB5E1A6EEF1}.Release|Any CPU.Build.0 = Release|Any CPU
		{627DF6F5-16F5-4E0F-AFD5-5FD9303D2026}.Debug|Any CPU.ActiveCfg = Debug|Any CPU
		{627DF6F5-16F5-4E0F-AFD5-5FD9303D2026}.Debug|Any CPU.Build.0 = Debug|Any CPU
		{627DF6F5-16F5-4E0F-AFD5-5FD9303D2026}.Release|Any CPU.ActiveCfg = Release|Any CPU
		{627DF6F5-16F5-4E0F-AFD5-5FD9303D2026}.Release|Any CPU.Build.0 = Release|Any CPU
		{53D7DCAC-6838-42BB-860D-E6E8DED12402}.Debug|Any CPU.ActiveCfg = Debug|Any CPU
		{53D7DCAC-6838-42BB-860D-E6E8DED12402}.Debug|Any CPU.Build.0 = Debug|Any CPU
		{53D7DCAC-6838-42BB-860D-E6E8DED12402}.Release|Any CPU.ActiveCfg = Release|Any CPU
		{53D7DCAC-6838-42BB-860D-E6E8DED12402}.Release|Any CPU.Build.0 = Release|Any CPU
		{A41910FF-6FC5-42C3-A25C-6241A9DAC4BA}.Debug|Any CPU.ActiveCfg = Debug|Any CPU
		{A41910FF-6FC5-42C3-A25C-6241A9DAC4BA}.Debug|Any CPU.Build.0 = Debug|Any CPU
		{A41910FF-6FC5-42C3-A25C-6241A9DAC4BA}.Release|Any CPU.ActiveCfg = Release|Any CPU
		{A41910FF-6FC5-42C3-A25C-6241A9DAC4BA}.Release|Any CPU.Build.0 = Release|Any CPU
		{74C450AD-5A2C-4588-9C57-E8363DE28F72}.Debug|Any CPU.ActiveCfg = Debug|Any CPU
		{74C450AD-5A2C-4588-9C57-E8363DE28F72}.Debug|Any CPU.Build.0 = Debug|Any CPU
		{74C450AD-5A2C-4588-9C57-E8363DE28F72}.Release|Any CPU.ActiveCfg = Release|Any CPU
		{74C450AD-5A2C-4588-9C57-E8363DE28F72}.Release|Any CPU.Build.0 = Release|Any CPU
		{27C8AEB0-5550-400E-BE74-73D4778A99D0}.Debug|Any CPU.ActiveCfg = Debug|Any CPU
		{27C8AEB0-5550-400E-BE74-73D4778A99D0}.Debug|Any CPU.Build.0 = Debug|Any CPU
		{27C8AEB0-5550-400E-BE74-73D4778A99D0}.Release|Any CPU.ActiveCfg = Release|Any CPU
		{27C8AEB0-5550-400E-BE74-73D4778A99D0}.Release|Any CPU.Build.0 = Release|Any CPU
		{AB4F41AE-A7FE-4F0A-8C94-5172A70F4387}.Debug|Any CPU.ActiveCfg = Debug|Any CPU
		{AB4F41AE-A7FE-4F0A-8C94-5172A70F4387}.Debug|Any CPU.Build.0 = Debug|Any CPU
		{AB4F41AE-A7FE-4F0A-8C94-5172A70F4387}.Release|Any CPU.ActiveCfg = Release|Any CPU
		{AB4F41AE-A7FE-4F0A-8C94-5172A70F4387}.Release|Any CPU.Build.0 = Release|Any CPU
		{A7EDE859-A98F-4581-9698-8622B83D5590}.Debug|Any CPU.ActiveCfg = Debug|Any CPU
		{A7EDE859-A98F-4581-9698-8622B83D5590}.Debug|Any CPU.Build.0 = Debug|Any CPU
		{A7EDE859-A98F-4581-9698-8622B83D5590}.Release|Any CPU.ActiveCfg = Release|Any CPU
		{A7EDE859-A98F-4581-9698-8622B83D5590}.Release|Any CPU.Build.0 = Release|Any CPU
		{4C2C28F8-6E7A-4F8E-95E3-10C5A5D7B712}.Debug|Any CPU.ActiveCfg = Debug|Any CPU
		{4C2C28F8-6E7A-4F8E-95E3-10C5A5D7B712}.Debug|Any CPU.Build.0 = Debug|Any CPU
		{4C2C28F8-6E7A-4F8E-95E3-10C5A5D7B712}.Release|Any CPU.ActiveCfg = Release|Any CPU
		{4C2C28F8-6E7A-4F8E-95E3-10C5A5D7B712}.Release|Any CPU.Build.0 = Release|Any CPU
		{86A2B3EB-6313-4332-A387-5D3FA1B46D3B}.Debug|Any CPU.ActiveCfg = Debug|Any CPU
		{86A2B3EB-6313-4332-A387-5D3FA1B46D3B}.Debug|Any CPU.Build.0 = Debug|Any CPU
		{86A2B3EB-6313-4332-A387-5D3FA1B46D3B}.Release|Any CPU.ActiveCfg = Release|Any CPU
		{86A2B3EB-6313-4332-A387-5D3FA1B46D3B}.Release|Any CPU.Build.0 = Release|Any CPU
		{CB53467E-0CAA-471D-95B1-E3CCF72309C7}.Debug|Any CPU.ActiveCfg = Debug|Any CPU
		{CB53467E-0CAA-471D-95B1-E3CCF72309C7}.Debug|Any CPU.Build.0 = Debug|Any CPU
		{CB53467E-0CAA-471D-95B1-E3CCF72309C7}.Release|Any CPU.ActiveCfg = Release|Any CPU
		{CB53467E-0CAA-471D-95B1-E3CCF72309C7}.Release|Any CPU.Build.0 = Release|Any CPU
		{8A887C18-8839-4CF9-B60E-5CD4D7A6A7D9}.Debug|Any CPU.ActiveCfg = Debug|Any CPU
		{8A887C18-8839-4CF9-B60E-5CD4D7A6A7D9}.Debug|Any CPU.Build.0 = Debug|Any CPU
		{8A887C18-8839-4CF9-B60E-5CD4D7A6A7D9}.Release|Any CPU.ActiveCfg = Release|Any CPU
		{8A887C18-8839-4CF9-B60E-5CD4D7A6A7D9}.Release|Any CPU.Build.0 = Release|Any CPU
		{939420C5-DEF5-45DE-BF48-63DFD55F9BAA}.Debug|Any CPU.ActiveCfg = Debug|Any CPU
		{939420C5-DEF5-45DE-BF48-63DFD55F9BAA}.Debug|Any CPU.Build.0 = Debug|Any CPU
		{939420C5-DEF5-45DE-BF48-63DFD55F9BAA}.Release|Any CPU.ActiveCfg = Release|Any CPU
		{939420C5-DEF5-45DE-BF48-63DFD55F9BAA}.Release|Any CPU.Build.0 = Release|Any CPU
		{92EA6CEB-40F1-44D9-8D99-09A20C47C279}.Debug|Any CPU.ActiveCfg = Debug|Any CPU
		{92EA6CEB-40F1-44D9-8D99-09A20C47C279}.Debug|Any CPU.Build.0 = Debug|Any CPU
		{92EA6CEB-40F1-44D9-8D99-09A20C47C279}.Release|Any CPU.ActiveCfg = Release|Any CPU
		{92EA6CEB-40F1-44D9-8D99-09A20C47C279}.Release|Any CPU.Build.0 = Release|Any CPU
		{8C4428E5-7963-44C5-9FF1-9AF0E896DC68}.Debug|Any CPU.ActiveCfg = Debug|Any CPU
		{8C4428E5-7963-44C5-9FF1-9AF0E896DC68}.Debug|Any CPU.Build.0 = Debug|Any CPU
		{8C4428E5-7963-44C5-9FF1-9AF0E896DC68}.Release|Any CPU.ActiveCfg = Release|Any CPU
		{8C4428E5-7963-44C5-9FF1-9AF0E896DC68}.Release|Any CPU.Build.0 = Release|Any CPU
		{69A87474-5EFA-4B93-9896-A956C46769E8}.Debug|Any CPU.ActiveCfg = Debug|Any CPU
		{69A87474-5EFA-4B93-9896-A956C46769E8}.Debug|Any CPU.Build.0 = Debug|Any CPU
		{69A87474-5EFA-4B93-9896-A956C46769E8}.Release|Any CPU.ActiveCfg = Release|Any CPU
		{69A87474-5EFA-4B93-9896-A956C46769E8}.Release|Any CPU.Build.0 = Release|Any CPU
		{5A240AB3-CC83-43F4-AB31-D4685AC7FC10}.Debug|Any CPU.ActiveCfg = Debug|Any CPU
		{5A240AB3-CC83-43F4-AB31-D4685AC7FC10}.Debug|Any CPU.Build.0 = Debug|Any CPU
		{5A240AB3-CC83-43F4-AB31-D4685AC7FC10}.Release|Any CPU.ActiveCfg = Release|Any CPU
		{5A240AB3-CC83-43F4-AB31-D4685AC7FC10}.Release|Any CPU.Build.0 = Release|Any CPU
		{10B9A9F4-20A5-40CB-A623-16174972BB93}.Debug|Any CPU.ActiveCfg = Debug|Any CPU
		{10B9A9F4-20A5-40CB-A623-16174972BB93}.Debug|Any CPU.Build.0 = Debug|Any CPU
		{10B9A9F4-20A5-40CB-A623-16174972BB93}.Release|Any CPU.ActiveCfg = Release|Any CPU
		{10B9A9F4-20A5-40CB-A623-16174972BB93}.Release|Any CPU.Build.0 = Release|Any CPU
		{9F015B22-D937-459A-9CF5-F759594AACEB}.Debug|Any CPU.ActiveCfg = Debug|Any CPU
		{9F015B22-D937-459A-9CF5-F759594AACEB}.Debug|Any CPU.Build.0 = Debug|Any CPU
		{9F015B22-D937-459A-9CF5-F759594AACEB}.Release|Any CPU.ActiveCfg = Release|Any CPU
		{9F015B22-D937-459A-9CF5-F759594AACEB}.Release|Any CPU.Build.0 = Release|Any CPU
	EndGlobalSection
	GlobalSection(SolutionProperties) = preSolution
		HideSolutionNode = FALSE
	EndGlobalSection
	GlobalSection(NestedProjects) = preSolution
		{58A54302-7A34-484E-8EEA-C65C791A4153} = {F0E7E0FF-247D-42A8-94A5-85B519DC5BF5}
		{501E6004-0C91-45B9-97FB-2D09083E2AB5} = {F0E7E0FF-247D-42A8-94A5-85B519DC5BF5}
		{4E290B18-69E5-49B4-8B9D-70D64BEF994A} = {F0E7E0FF-247D-42A8-94A5-85B519DC5BF5}
		{DEEE07CB-8923-4363-8C40-345B3F243C98} = {F0E7E0FF-247D-42A8-94A5-85B519DC5BF5}
		{857A0DD3-628F-4F38-A9AE-218E89388729} = {F0E7E0FF-247D-42A8-94A5-85B519DC5BF5}
		{26F75744-12F6-4F06-9D83-7A9112723064} = {F0E7E0FF-247D-42A8-94A5-85B519DC5BF5}
		{CB149E68-EA3D-45D4-BA29-D973ABCBD35F} = {F0E7E0FF-247D-42A8-94A5-85B519DC5BF5}
		{7D73DC06-BEED-4741-9F87-C16BDB198FD3} = {DEEE07CB-8923-4363-8C40-345B3F243C98}
		{172DD32C-86B7-4E5C-B474-0DB5E1A6EEF1} = {4E290B18-69E5-49B4-8B9D-70D64BEF994A}
		{627DF6F5-16F5-4E0F-AFD5-5FD9303D2026} = {4E290B18-69E5-49B4-8B9D-70D64BEF994A}
		{53D7DCAC-6838-42BB-860D-E6E8DED12402} = {58A54302-7A34-484E-8EEA-C65C791A4153}
		{A41910FF-6FC5-42C3-A25C-6241A9DAC4BA} = {58A54302-7A34-484E-8EEA-C65C791A4153}
		{74C450AD-5A2C-4588-9C57-E8363DE28F72} = {58A54302-7A34-484E-8EEA-C65C791A4153}
		{27C8AEB0-5550-400E-BE74-73D4778A99D0} = {58A54302-7A34-484E-8EEA-C65C791A4153}
		{AB4F41AE-A7FE-4F0A-8C94-5172A70F4387} = {58A54302-7A34-484E-8EEA-C65C791A4153}
		{A7EDE859-A98F-4581-9698-8622B83D5590} = {58A54302-7A34-484E-8EEA-C65C791A4153}
		{4C2C28F8-6E7A-4F8E-95E3-10C5A5D7B712} = {58A54302-7A34-484E-8EEA-C65C791A4153}
		{86A2B3EB-6313-4332-A387-5D3FA1B46D3B} = {58A54302-7A34-484E-8EEA-C65C791A4153}
		{CB53467E-0CAA-471D-95B1-E3CCF72309C7} = {857A0DD3-628F-4F38-A9AE-218E89388729}
		{8A887C18-8839-4CF9-B60E-5CD4D7A6A7D9} = {857A0DD3-628F-4F38-A9AE-218E89388729}
		{939420C5-DEF5-45DE-BF48-63DFD55F9BAA} = {857A0DD3-628F-4F38-A9AE-218E89388729}
		{92EA6CEB-40F1-44D9-8D99-09A20C47C279} = {26F75744-12F6-4F06-9D83-7A9112723064}
		{8C4428E5-7963-44C5-9FF1-9AF0E896DC68} = {501E6004-0C91-45B9-97FB-2D09083E2AB5}
		{69A87474-5EFA-4B93-9896-A956C46769E8} = {CB149E68-EA3D-45D4-BA29-D973ABCBD35F}
		{5A240AB3-CC83-43F4-AB31-D4685AC7FC10} = {F0E7E0FF-247D-42A8-94A5-85B519DC5BF5}
		{10B9A9F4-20A5-40CB-A623-16174972BB93} = {DB4B1814-180B-4DEA-89E0-88DA1DC3D193}
		{9F015B22-D937-459A-9CF5-F759594AACEB} = {C8C8DB31-16C0-4545-88B4-08DB25001E53}
		{C8C8DB31-16C0-4545-88B4-08DB25001E53} = {B7E638B2-FAE2-45E8-93D4-4E8AC44A6FB9}
		{DB4B1814-180B-4DEA-89E0-88DA1DC3D193} = {B7E638B2-FAE2-45E8-93D4-4E8AC44A6FB9}
	EndGlobalSection
	GlobalSection(ExtensibilityGlobals) = postSolution
		SolutionGuid = {AB4933FD-6088-49D4-8154-2506F5D17543}
	EndGlobalSection
EndGlobal
