
Microsoft Visual Studio Solution File, Format Version 12.00
# Visual Studio Version 16
VisualStudioVersion = 16.0.30523.141
MinimumVisualStudioVersion = 10.0.40219.1
Project("{9A19103F-16F7-4668-BE54-9A1E7A4F7556}") = "Expensely.Domain", "Expensely.Domain\Expensely.Domain.csproj", "{7D73DC06-BEED-4741-9F87-C16BDB198FD3}"
EndProject
Project("{2150E333-8FDC-42A3-9474-1A3956D46DE8}") = "Solution Items", "Solution Items", "{DAFB97D6-B863-4D9F-9412-B3F823B13C5D}"
	ProjectSection(SolutionItems) = preProject
		.editorconfig = .editorconfig
	EndProjectSection
EndProject
Project("{9A19103F-16F7-4668-BE54-9A1E7A4F7556}") = "Expensely.Application", "Expensely.Application\Expensely.Application.csproj", "{6EB19C30-F0E7-4C2D-9C62-154AAAF317FA}"
EndProject
Project("{9A19103F-16F7-4668-BE54-9A1E7A4F7556}") = "Expensely.Persistence", "Expensely.Persistence\Expensely.Persistence.csproj", "{92EA6CEB-40F1-44D9-8D99-09A20C47C279}"
EndProject
Project("{9A19103F-16F7-4668-BE54-9A1E7A4F7556}") = "Expensely.Infrastructure", "Expensely.Infrastructure\Expensely.Infrastructure.csproj", "{8A887C18-8839-4CF9-B60E-5CD4D7A6A7D9}"
EndProject
Project("{9A19103F-16F7-4668-BE54-9A1E7A4F7556}") = "Expensely.Api", "Expensely.Api\Expensely.Api.csproj", "{5A240AB3-CC83-43F4-AB31-D4685AC7FC10}"
EndProject
Project("{9A19103F-16F7-4668-BE54-9A1E7A4F7556}") = "Expensely.Application.Commands", "Expensely.Application.Commands\Expensely.Application.Commands.csproj", "{74C450AD-5A2C-4588-9C57-E8363DE28F72}"
EndProject
Project("{9A19103F-16F7-4668-BE54-9A1E7A4F7556}") = "Expensely.Application.Queries", "Expensely.Application.Queries\Expensely.Application.Queries.csproj", "{A7EDE859-A98F-4581-9698-8622B83D5590}"
EndProject
Project("{9A19103F-16F7-4668-BE54-9A1E7A4F7556}") = "Expensely.Contracts", "Expensely.Contracts\Expensely.Contracts.csproj", "{53D7DCAC-6838-42BB-860D-E6E8DED12402}"
EndProject
Project("{9A19103F-16F7-4668-BE54-9A1E7A4F7556}") = "Expensely.Application.Abstractions", "Expensely.Application.Abstractions\Expensely.Application.Abstractions.csproj", "{A41910FF-6FC5-42C3-A25C-6241A9DAC4BA}"
EndProject
Project("{FAE04EC0-301F-11D3-BF4B-00C04F79EFBC}") = "Expensely.Common", "Expensely.Common\Expensely.Common.csproj", "{C628A227-ECA8-4A12-B6BD-DB9BAC96F926}"
EndProject
Project("{FAE04EC0-301F-11D3-BF4B-00C04F79EFBC}") = "Expensely.Application.Commands.Handlers", "Expensely.Application.Commands.Handlers\Expensely.Application.Commands.Handlers.csproj", "{27C8AEB0-5550-400E-BE74-73D4778A99D0}"
EndProject
Project("{FAE04EC0-301F-11D3-BF4B-00C04F79EFBC}") = "Expensely.Application.Queries.Handlers", "Expensely.Application.Queries.Handlers\Expensely.Application.Queries.Handlers.csproj", "{86A2B3EB-6313-4332-A387-5D3FA1B46D3B}"
EndProject
Project("{FAE04EC0-301F-11D3-BF4B-00C04F79EFBC}") = "Expensely.Api.Controllers", "Expensely.Api.Controllers\Expensely.Api.Controllers.csproj", "{CF525E39-FEF7-41AE-A3E9-3EF355D97C29}"
EndProject
Global
	GlobalSection(SolutionConfigurationPlatforms) = preSolution
		Debug|Any CPU = Debug|Any CPU
		Release|Any CPU = Release|Any CPU
	EndGlobalSection
	GlobalSection(ProjectConfigurationPlatforms) = postSolution
		{7D73DC06-BEED-4741-9F87-C16BDB198FD3}.Debug|Any CPU.ActiveCfg = Debug|Any CPU
		{7D73DC06-BEED-4741-9F87-C16BDB198FD3}.Debug|Any CPU.Build.0 = Debug|Any CPU
		{7D73DC06-BEED-4741-9F87-C16BDB198FD3}.Release|Any CPU.ActiveCfg = Release|Any CPU
		{7D73DC06-BEED-4741-9F87-C16BDB198FD3}.Release|Any CPU.Build.0 = Release|Any CPU
		{6EB19C30-F0E7-4C2D-9C62-154AAAF317FA}.Debug|Any CPU.ActiveCfg = Debug|Any CPU
		{6EB19C30-F0E7-4C2D-9C62-154AAAF317FA}.Debug|Any CPU.Build.0 = Debug|Any CPU
		{6EB19C30-F0E7-4C2D-9C62-154AAAF317FA}.Release|Any CPU.ActiveCfg = Release|Any CPU
		{6EB19C30-F0E7-4C2D-9C62-154AAAF317FA}.Release|Any CPU.Build.0 = Release|Any CPU
		{92EA6CEB-40F1-44D9-8D99-09A20C47C279}.Debug|Any CPU.ActiveCfg = Debug|Any CPU
		{92EA6CEB-40F1-44D9-8D99-09A20C47C279}.Debug|Any CPU.Build.0 = Debug|Any CPU
		{92EA6CEB-40F1-44D9-8D99-09A20C47C279}.Release|Any CPU.ActiveCfg = Release|Any CPU
		{92EA6CEB-40F1-44D9-8D99-09A20C47C279}.Release|Any CPU.Build.0 = Release|Any CPU
		{8A887C18-8839-4CF9-B60E-5CD4D7A6A7D9}.Debug|Any CPU.ActiveCfg = Debug|Any CPU
		{8A887C18-8839-4CF9-B60E-5CD4D7A6A7D9}.Debug|Any CPU.Build.0 = Debug|Any CPU
		{8A887C18-8839-4CF9-B60E-5CD4D7A6A7D9}.Release|Any CPU.ActiveCfg = Release|Any CPU
		{8A887C18-8839-4CF9-B60E-5CD4D7A6A7D9}.Release|Any CPU.Build.0 = Release|Any CPU
		{5A240AB3-CC83-43F4-AB31-D4685AC7FC10}.Debug|Any CPU.ActiveCfg = Debug|Any CPU
		{5A240AB3-CC83-43F4-AB31-D4685AC7FC10}.Debug|Any CPU.Build.0 = Debug|Any CPU
		{5A240AB3-CC83-43F4-AB31-D4685AC7FC10}.Release|Any CPU.ActiveCfg = Release|Any CPU
		{5A240AB3-CC83-43F4-AB31-D4685AC7FC10}.Release|Any CPU.Build.0 = Release|Any CPU
		{74C450AD-5A2C-4588-9C57-E8363DE28F72}.Debug|Any CPU.ActiveCfg = Debug|Any CPU
		{74C450AD-5A2C-4588-9C57-E8363DE28F72}.Debug|Any CPU.Build.0 = Debug|Any CPU
		{74C450AD-5A2C-4588-9C57-E8363DE28F72}.Release|Any CPU.ActiveCfg = Release|Any CPU
		{74C450AD-5A2C-4588-9C57-E8363DE28F72}.Release|Any CPU.Build.0 = Release|Any CPU
		{A7EDE859-A98F-4581-9698-8622B83D5590}.Debug|Any CPU.ActiveCfg = Debug|Any CPU
		{A7EDE859-A98F-4581-9698-8622B83D5590}.Debug|Any CPU.Build.0 = Debug|Any CPU
		{A7EDE859-A98F-4581-9698-8622B83D5590}.Release|Any CPU.ActiveCfg = Release|Any CPU
		{A7EDE859-A98F-4581-9698-8622B83D5590}.Release|Any CPU.Build.0 = Release|Any CPU
		{53D7DCAC-6838-42BB-860D-E6E8DED12402}.Debug|Any CPU.ActiveCfg = Debug|Any CPU
		{53D7DCAC-6838-42BB-860D-E6E8DED12402}.Debug|Any CPU.Build.0 = Debug|Any CPU
		{53D7DCAC-6838-42BB-860D-E6E8DED12402}.Release|Any CPU.ActiveCfg = Release|Any CPU
		{53D7DCAC-6838-42BB-860D-E6E8DED12402}.Release|Any CPU.Build.0 = Release|Any CPU
		{A41910FF-6FC5-42C3-A25C-6241A9DAC4BA}.Debug|Any CPU.ActiveCfg = Debug|Any CPU
		{A41910FF-6FC5-42C3-A25C-6241A9DAC4BA}.Debug|Any CPU.Build.0 = Debug|Any CPU
		{A41910FF-6FC5-42C3-A25C-6241A9DAC4BA}.Release|Any CPU.ActiveCfg = Release|Any CPU
		{A41910FF-6FC5-42C3-A25C-6241A9DAC4BA}.Release|Any CPU.Build.0 = Release|Any CPU
		{C628A227-ECA8-4A12-B6BD-DB9BAC96F926}.Debug|Any CPU.ActiveCfg = Debug|Any CPU
		{C628A227-ECA8-4A12-B6BD-DB9BAC96F926}.Debug|Any CPU.Build.0 = Debug|Any CPU
		{C628A227-ECA8-4A12-B6BD-DB9BAC96F926}.Release|Any CPU.ActiveCfg = Release|Any CPU
		{C628A227-ECA8-4A12-B6BD-DB9BAC96F926}.Release|Any CPU.Build.0 = Release|Any CPU
		{27C8AEB0-5550-400E-BE74-73D4778A99D0}.Debug|Any CPU.ActiveCfg = Debug|Any CPU
		{27C8AEB0-5550-400E-BE74-73D4778A99D0}.Debug|Any CPU.Build.0 = Debug|Any CPU
		{27C8AEB0-5550-400E-BE74-73D4778A99D0}.Release|Any CPU.ActiveCfg = Release|Any CPU
		{27C8AEB0-5550-400E-BE74-73D4778A99D0}.Release|Any CPU.Build.0 = Release|Any CPU
		{86A2B3EB-6313-4332-A387-5D3FA1B46D3B}.Debug|Any CPU.ActiveCfg = Debug|Any CPU
		{86A2B3EB-6313-4332-A387-5D3FA1B46D3B}.Debug|Any CPU.Build.0 = Debug|Any CPU
		{86A2B3EB-6313-4332-A387-5D3FA1B46D3B}.Release|Any CPU.ActiveCfg = Release|Any CPU
		{86A2B3EB-6313-4332-A387-5D3FA1B46D3B}.Release|Any CPU.Build.0 = Release|Any CPU
		{CF525E39-FEF7-41AE-A3E9-3EF355D97C29}.Debug|Any CPU.ActiveCfg = Debug|Any CPU
		{CF525E39-FEF7-41AE-A3E9-3EF355D97C29}.Debug|Any CPU.Build.0 = Debug|Any CPU
		{CF525E39-FEF7-41AE-A3E9-3EF355D97C29}.Release|Any CPU.ActiveCfg = Release|Any CPU
		{CF525E39-FEF7-41AE-A3E9-3EF355D97C29}.Release|Any CPU.Build.0 = Release|Any CPU
	EndGlobalSection
	GlobalSection(SolutionProperties) = preSolution
		HideSolutionNode = FALSE
	EndGlobalSection
	GlobalSection(ExtensibilityGlobals) = postSolution
		SolutionGuid = {AB4933FD-6088-49D4-8154-2506F5D17543}
	EndGlobalSection
EndGlobal
